
Microsoft Visual Studio Solution File, Format Version 12.00
# Visual Studio Version 17
VisualStudioVersion = 17.9.34728.123
MinimumVisualStudioVersion = 10.0.40219.1
Project("{8BC9CEB8-8B4A-11D0-8D11-00A0C91BC942}") = "kueikui_way", "kueikui_way\kueikui_way.vcxproj", "{A0EA4F12-A655-4065-89DA-A8D46E11A112}"
EndProject
Global
	GlobalSection(SolutionConfigurationPlatforms) = preSolution
		Debug|x64 = Debug|x64
		Debug|x86 = Debug|x86
		Release|x64 = Release|x64
		Release|x86 = Release|x86
	EndGlobalSection
	GlobalSection(ProjectConfigurationPlatforms) = postSolution
		{A0EA4F12-A655-4065-89DA-A8D46E11A112}.Debug|x64.ActiveCfg = Debug|x64
		{A0EA4F12-A655-4065-89DA-A8D46E11A112}.Debug|x64.Build.0 = Debug|x64
		{A0EA4F12-A655-4065-89DA-A8D46E11A112}.Debug|x86.ActiveCfg = Debug|Win32
		{A0EA4F12-A655-4065-89DA-A8D46E11A112}.Debug|x86.Build.0 = Debug|Win32
		{A0EA4F12-A655-4065-89DA-A8D46E11A112}.Release|x64.ActiveCfg = Release|x64
		{A0EA4F12-A655-4065-89DA-A8D46E11A112}.Release|x64.Build.0 = Release|x64
		{A0EA4F12-A655-4065-89DA-A8D46E11A112}.Release|x86.ActiveCfg = Release|Win32
		{A0EA4F12-A655-4065-89DA-A8D46E11A112}.Release|x86.Build.0 = Release|Win32
	EndGlobalSection
	GlobalSection(SolutionProperties) = preSolution
		HideSolutionNode = FALSE
	EndGlobalSection
	GlobalSection(ExtensibilityGlobals) = postSolution
		SolutionGuid = {E02A2D01-B41B-4558-9D08-DFD78EBAD34F}
	EndGlobalSection
EndGlobal
